<?xml version="1.0" encoding="utf-8"?>
<Project ToolsVersion="4.0" xmlns="http://schemas.microsoft.com/developer/msbuild/2003">
  <ItemGroup>
    <Filter Include="Source Files">
      <UniqueIdentifier>{4FC737F1-C7A5-4376-A066-2A32D752A2FF}</UniqueIdentifier>
      <Extensions>cpp;c;cc;cxx;c++;cppm;ixx;def;odl;idl;hpj;bat;asm;asmx</Extensions>
    </Filter>
    <Filter Include="Header Files">
      <UniqueIdentifier>{93995380-89BD-4b04-88EB-625FBE52EBFB}</UniqueIdentifier>
      <Extensions>h;hh;hpp;hxx;h++;hm;inl;inc;ipp;xsd</Extensions>
    </Filter>
    <Filter Include="LunarLander">
      <UniqueIdentifier>{0111acdb-3d51-466c-80e6-2a94b8079cb8}</UniqueIdentifier>
    </Filter>
    <Filter Include="LunarLander\Source Files">
      <UniqueIdentifier>{b681148f-4dba-47d3-88ae-3e1a59b67e68}</UniqueIdentifier>
    </Filter>
    <Filter Include="LunarLander\Header Files">
      <UniqueIdentifier>{bf0a9382-70bd-4980-9dd0-7d219c0fd313}</UniqueIdentifier>
    </Filter>
  </ItemGroup>
  <ItemGroup>
    <ClCompile Include="Game.cpp">
      <Filter>Source Files</Filter>
    </ClCompile>
    <ClCompile Include="Engine.cpp">
      <Filter>Source Files</Filter>
    </ClCompile>
    <ClCompile Include="LanderCharacter.cpp">
      <Filter>LunarLander\Source Files</Filter>
    </ClCompile>
    <ClCompile Include="Painter.cpp">
      <Filter>LunarLander\Source Files</Filter>
    </ClCompile>
    <ClCompile Include="Level.cpp">
      <Filter>LunarLander\Source Files</Filter>
    </ClCompile>
    <ClCompile Include="CMath.cpp">
      <Filter>LunarLander\Source Files</Filter>
    </ClCompile>
  </ItemGroup>
  <ItemGroup>
    <ClInclude Include="Engine.h">
      <Filter>Header Files</Filter>
    </ClInclude>
    <ClInclude Include="LanderCharacter.h">
      <Filter>LunarLander\Header Files</Filter>
    </ClInclude>
    <ClInclude Include="Point.h">
      <Filter>LunarLander\Header Files</Filter>
    </ClInclude>
    <ClInclude Include="Painter.h">
      <Filter>LunarLander\Header Files</Filter>
    </ClInclude>
    <ClInclude Include="Level.h">
      <Filter>LunarLander\Header Files</Filter>
    </ClInclude>
    <ClInclude Include="CMath.h">
      <Filter>LunarLander\Header Files</Filter>
    </ClInclude>
  </ItemGroup>
</Project>